
Microsoft Visual Studio Solution File, Format Version 12.00
# Visual Studio 15
VisualStudioVersion = 15.0.27428.2043
MinimumVisualStudioVersion = 10.0.40219.1
Project("{FAE04EC0-301F-11D3-BF4B-00C04F79EFBC}") = "vcsparser.core", "vcsparser.core\vcsparser.core.csproj", "{C2035FFB-3ACD-4BED-9B67-75C824A6743A}"
EndProject
Project("{FAE04EC0-301F-11D3-BF4B-00C04F79EFBC}") = "vcsparser.unittests", "vcsparser.unittests\vcsparser.unittests.csproj", "{62E4086E-1602-4D38-89DA-6A81A9EE55B8}"
EndProject
Project("{FAE04EC0-301F-11D3-BF4B-00C04F79EFBC}") = "vcsparser", "vcsparser\vcsparser.csproj", "{E7289043-D131-46E0-A20B-04CDC648F592}"
EndProject
Global
	GlobalSection(SolutionConfigurationPlatforms) = preSolution
		Debug|Any CPU = Debug|Any CPU
		Release|Any CPU = Release|Any CPU
	EndGlobalSection
	GlobalSection(ProjectConfigurationPlatforms) = postSolution
		{C2035FFB-3ACD-4BED-9B67-75C824A6743A}.Debug|Any CPU.ActiveCfg = Debug|Any CPU
		{C2035FFB-3ACD-4BED-9B67-75C824A6743A}.Debug|Any CPU.Build.0 = Debug|Any CPU
		{C2035FFB-3ACD-4BED-9B67-75C824A6743A}.Release|Any CPU.ActiveCfg = Release|Any CPU
		{C2035FFB-3ACD-4BED-9B67-75C824A6743A}.Release|Any CPU.Build.0 = Release|Any CPU
		{62E4086E-1602-4D38-89DA-6A81A9EE55B8}.Debug|Any CPU.ActiveCfg = Debug|Any CPU
		{62E4086E-1602-4D38-89DA-6A81A9EE55B8}.Debug|Any CPU.Build.0 = Debug|Any CPU
		{62E4086E-1602-4D38-89DA-6A81A9EE55B8}.Release|Any CPU.ActiveCfg = Release|Any CPU
		{62E4086E-1602-4D38-89DA-6A81A9EE55B8}.Release|Any CPU.Build.0 = Release|Any CPU
		{E7289043-D131-46E0-A20B-04CDC648F592}.Debug|Any CPU.ActiveCfg = Debug|Any CPU
		{E7289043-D131-46E0-A20B-04CDC648F592}.Debug|Any CPU.Build.0 = Debug|Any CPU
		{E7289043-D131-46E0-A20B-04CDC648F592}.Release|Any CPU.ActiveCfg = Release|Any CPU
		{E7289043-D131-46E0-A20B-04CDC648F592}.Release|Any CPU.Build.0 = Release|Any CPU
	EndGlobalSection
	GlobalSection(SolutionProperties) = preSolution
		HideSolutionNode = FALSE
	EndGlobalSection
	GlobalSection(ExtensibilityGlobals) = postSolution
		SolutionGuid = {F8B9FBAD-C986-47BF-A00B-0195093CB56C}
	EndGlobalSection
EndGlobal
